{
    "_readme": [
        "This file locks the dependencies of your project to a known state",
        "Read more about it at https://getcomposer.org/doc/01-basic-usage.md#installing-dependencies",
        "This file is @generated automatically"
    ],
    "content-hash": "daff06c03bcc4ff58a821239eec6b581",
    "packages": [
        {
            "name": "nesbot/carbon",
            "version": "2.17.0",
            "source": {
                "type": "git",
                "url": "https://github.com/briannesbitt/Carbon.git",
                "reference": "9b49d637ad009e5e211142bc7492adcb19dbd645"
            },
            "dist": {
                "type": "zip",
                "url": "https://api.github.com/repos/briannesbitt/Carbon/zipball/9b49d637ad009e5e211142bc7492adcb19dbd645",
                "reference": "9b49d637ad009e5e211142bc7492adcb19dbd645",
                "shasum": ""
            },
            "require": {
                "ext-json": "*",
                "php": "^7.1.8 || ^8.0",
                "symfony/translation": "^3.4 || ^4.0"
            },
            "require-dev": {
                "friendsofphp/php-cs-fixer": "^2.14 || ^3.0",
                "kylekatarnls/multi-tester": "^1.1",
                "phpmd/phpmd": "^2.6",
                "phpstan/phpstan": "^0.11",
                "phpunit/phpunit": "^7.5 || ^8.0",
                "squizlabs/php_codesniffer": "^3.4"
            },
            "type": "library",
            "extra": {
                "laravel": {
                    "providers": [
                        "Carbon\\Laravel\\ServiceProvider"
                    ]
                }
            },
            "autoload": {
                "psr-4": {
                    "Carbon\\": "src/Carbon/"
                }
            },
            "notification-url": "https://packagist.org/downloads/",
            "license": [
                "MIT"
            ],
            "authors": [
                {
                    "name": "Brian Nesbitt",
                    "email": "brian@nesbot.com",
                    "homepage": "http://nesbot.com"
                }
            ],
            "description": "A simple API extension for DateTime.",
            "homepage": "http://carbon.nesbot.com",
            "keywords": [
                "date",
                "datetime",
                "time"
            ],
            "time": "2019-04-17T08:51:36+00:00"
        },
        {
            "name": "psr/http-message",
            "version": "1.0.1",
            "source": {
                "type": "git",
                "url": "https://github.com/php-fig/http-message.git",
                "reference": "f6561bf28d520154e4b0ec72be95418abe6d9363"
            },
            "dist": {
                "type": "zip",
                "url": "https://api.github.com/repos/php-fig/http-message/zipball/f6561bf28d520154e4b0ec72be95418abe6d9363",
                "reference": "f6561bf28d520154e4b0ec72be95418abe6d9363",
                "shasum": ""
            },
            "require": {
                "php": ">=5.3.0"
            },
            "type": "library",
            "extra": {
                "branch-alias": {
                    "dev-master": "1.0.x-dev"
                }
            },
            "autoload": {
                "psr-4": {
                    "Psr\\Http\\Message\\": "src/"
                }
            },
            "notification-url": "https://packagist.org/downloads/",
            "license": [
                "MIT"
            ],
            "authors": [
                {
                    "name": "PHP-FIG",
                    "homepage": "http://www.php-fig.org/"
                }
            ],
            "description": "Common interface for HTTP messages",
            "homepage": "https://github.com/php-fig/http-message",
            "keywords": [
                "http",
                "http-message",
                "psr",
                "psr-7",
                "request",
                "response"
            ],
            "time": "2016-08-06T14:39:51+00:00"
        },
        {
            "name": "symfony/contracts",
            "version": "v1.0.2",
            "source": {
                "type": "git",
                "url": "https://github.com/symfony/contracts.git",
                "reference": "1aa7ab2429c3d594dd70689604b5cf7421254cdf"
            },
            "dist": {
                "type": "zip",
                "url": "https://api.github.com/repos/symfony/contracts/zipball/1aa7ab2429c3d594dd70689604b5cf7421254cdf",
                "reference": "1aa7ab2429c3d594dd70689604b5cf7421254cdf",
                "shasum": ""
            },
            "require": {
                "php": "^7.1.3"
            },
            "require-dev": {
                "psr/cache": "^1.0",
                "psr/container": "^1.0"
            },
            "suggest": {
                "psr/cache": "When using the Cache contracts",
                "psr/container": "When using the Service contracts",
                "symfony/cache-contracts-implementation": "",
                "symfony/service-contracts-implementation": "",
                "symfony/translation-contracts-implementation": ""
            },
            "type": "library",
            "extra": {
                "branch-alias": {
                    "dev-master": "1.0-dev"
                }
            },
            "autoload": {
                "psr-4": {
                    "Symfony\\Contracts\\": ""
                },
                "exclude-from-classmap": [
                    "**/Tests/"
                ]
            },
            "notification-url": "https://packagist.org/downloads/",
            "license": [
                "MIT"
            ],
            "authors": [
                {
                    "name": "Nicolas Grekas",
                    "email": "p@tchwork.com"
                },
                {
                    "name": "Symfony Community",
                    "homepage": "https://symfony.com/contributors"
                }
            ],
            "description": "A set of abstractions extracted out of the Symfony components",
            "homepage": "https://symfony.com",
            "keywords": [
                "abstractions",
                "contracts",
                "decoupling",
                "interfaces",
                "interoperability",
                "standards"
            ],
            "time": "2018-12-05T08:06:11+00:00"
        },
        {
            "name": "symfony/polyfill-mbstring",
            "version": "v1.11.0",
            "source": {
                "type": "git",
                "url": "https://github.com/symfony/polyfill-mbstring.git",
                "reference": "fe5e94c604826c35a32fa832f35bd036b6799609"
            },
            "dist": {
                "type": "zip",
                "url": "https://api.github.com/repos/symfony/polyfill-mbstring/zipball/fe5e94c604826c35a32fa832f35bd036b6799609",
                "reference": "fe5e94c604826c35a32fa832f35bd036b6799609",
                "shasum": ""
            },
            "require": {
                "php": ">=5.3.3"
            },
            "suggest": {
                "ext-mbstring": "For best performance"
            },
            "type": "library",
            "extra": {
                "branch-alias": {
                    "dev-master": "1.11-dev"
                }
            },
            "autoload": {
                "psr-4": {
                    "Symfony\\Polyfill\\Mbstring\\": ""
                },
                "files": [
                    "bootstrap.php"
                ]
            },
            "notification-url": "https://packagist.org/downloads/",
            "license": [
                "MIT"
            ],
            "authors": [
                {
                    "name": "Nicolas Grekas",
                    "email": "p@tchwork.com"
                },
                {
                    "name": "Symfony Community",
                    "homepage": "https://symfony.com/contributors"
                }
            ],
            "description": "Symfony polyfill for the Mbstring extension",
            "homepage": "https://symfony.com",
            "keywords": [
                "compatibility",
                "mbstring",
                "polyfill",
                "portable",
                "shim"
            ],
            "time": "2019-02-06T07:57:58+00:00"
        },
        {
            "name": "symfony/translation",
            "version": "v4.2.7",
            "source": {
                "type": "git",
                "url": "https://github.com/symfony/translation.git",
                "reference": "46c0dede1f925383d13dc783857be2c41efd0b24"
            },
            "dist": {
                "type": "zip",
                "url": "https://api.github.com/repos/symfony/translation/zipball/46c0dede1f925383d13dc783857be2c41efd0b24",
                "reference": "46c0dede1f925383d13dc783857be2c41efd0b24",
                "shasum": ""
            },
            "require": {
                "php": "^7.1.3",
                "symfony/contracts": "^1.0.2",
                "symfony/polyfill-mbstring": "~1.0"
            },
            "conflict": {
                "symfony/config": "<3.4",
                "symfony/dependency-injection": "<3.4",
                "symfony/yaml": "<3.4"
            },
            "provide": {
                "symfony/translation-contracts-implementation": "1.0"
            },
            "require-dev": {
                "psr/log": "~1.0",
                "symfony/config": "~3.4|~4.0",
                "symfony/console": "~3.4|~4.0",
                "symfony/dependency-injection": "~3.4|~4.0",
                "symfony/finder": "~2.8|~3.0|~4.0",
                "symfony/http-kernel": "~3.4|~4.0",
                "symfony/intl": "~3.4|~4.0",
                "symfony/var-dumper": "~3.4|~4.0",
                "symfony/yaml": "~3.4|~4.0"
            },
            "suggest": {
                "psr/log-implementation": "To use logging capability in translator",
                "symfony/config": "",
                "symfony/yaml": ""
            },
            "type": "library",
            "extra": {
                "branch-alias": {
                    "dev-master": "4.2-dev"
                }
            },
            "autoload": {
                "psr-4": {
                    "Symfony\\Component\\Translation\\": ""
                },
                "exclude-from-classmap": [
                    "/Tests/"
                ]
            },
            "notification-url": "https://packagist.org/downloads/",
            "license": [
                "MIT"
            ],
            "authors": [
                {
                    "name": "Fabien Potencier",
                    "email": "fabien@symfony.com"
                },
                {
                    "name": "Symfony Community",
                    "homepage": "https://symfony.com/contributors"
                }
            ],
            "description": "Symfony Translation Component",
            "homepage": "https://symfony.com",
            "time": "2019-04-10T16:20:36+00:00"
        },
        {
            "name": "windwalker/edge",
            "version": "3.1.6",
            "source": {
                "type": "git",
                "url": "https://github.com/ventoviro/windwalker-edge.git",
                "reference": "a01b2d11b9ff4706078f9544c161647e29a70c04"
            },
            "dist": {
                "type": "zip",
                "url": "https://api.github.com/repos/ventoviro/windwalker-edge/zipball/a01b2d11b9ff4706078f9544c161647e29a70c04",
                "reference": "a01b2d11b9ff4706078f9544c161647e29a70c04",
                "shasum": ""
            },
            "require": {
                "php": ">=5.3.10"
            },
            "require-dev": {
                "windwalker/dom": "~3.0",
                "windwalker/test": "~3.0"
            },
            "type": "windwalker-package",
            "extra": {
                "branch-alias": {
                    "dev-master": "3.x-dev"
                }
            },
            "autoload": {
                "psr-4": {
                    "Windwalker\\Edge\\": ""
                }
            },
            "notification-url": "https://packagist.org/downloads/",
            "license": [
                "LGPL-2.0+"
            ],
            "description": "Windwalker Edge package, a blade compatible template engine.",
            "homepage": "https://github.com/ventoviro/windwalker-edge",
            "keywords": [
                "edge",
                "engine",
                "framework",
                "template",
                "windwalker"
            ],
            "time": "2016-12-15T04:56:48+00:00"
        },
        {
            "name": "windwalker/http",
            "version": "3.1.6",
            "source": {
                "type": "git",
                "url": "https://github.com/ventoviro/windwalker-http.git",
                "reference": "444b59d7962b64f23afdf2befb28fbb5913429da"
            },
            "dist": {
                "type": "zip",
                "url": "https://api.github.com/repos/ventoviro/windwalker-http/zipball/444b59d7962b64f23afdf2befb28fbb5913429da",
                "reference": "444b59d7962b64f23afdf2befb28fbb5913429da",
                "shasum": ""
            },
            "require": {
                "php": ">=5.3.10",
                "psr/http-message": "1.*",
                "windwalker/uri": "~3.0"
            },
            "provide": {
                "psr/http-message-implementation": "~1.0"
            },
            "require-dev": {
                "windwalker/environment": "~3.0",
                "windwalker/test": "~3.0"
            },
            "type": "windwalker-package",
            "extra": {
                "branch-alias": {
                    "dev-master": "3.2.x-dev"
                }
            },
            "autoload": {
                "psr-4": {
                    "Windwalker\\Http\\": ""
                }
            },
            "notification-url": "https://packagist.org/downloads/",
            "license": [
                "LGPL-2.0+"
            ],
            "description": "Windwalker Http package",
            "homepage": "https://github.com/ventoviro/windwalker-http",
            "keywords": [
                "framework",
                "http",
                "psr7",
                "request",
                "windwalker"
            ],
            "time": "2017-03-21T01:25:47+00:00"
        },
        {
            "name": "windwalker/loader",
            "version": "3.1.6",
            "source": {
                "type": "git",
                "url": "https://github.com/ventoviro/windwalker-loader.git",
                "reference": "0a0f54a776cd71a69ab33ae04b0b29358ef51593"
            },
            "dist": {
                "type": "zip",
                "url": "https://api.github.com/repos/ventoviro/windwalker-loader/zipball/0a0f54a776cd71a69ab33ae04b0b29358ef51593",
                "reference": "0a0f54a776cd71a69ab33ae04b0b29358ef51593",
                "shasum": ""
            },
            "require": {
                "php": ">=5.3.10"
            },
            "require-dev": {
                "windwalker/test": "~3.0"
            },
            "type": "windwalker-package",
            "extra": {
                "branch-alias": {
                    "dev-master": "3.x-dev"
                }
            },
            "autoload": {
                "psr-4": {
                    "Windwalker\\Loader\\": ""
                }
            },
            "notification-url": "https://packagist.org/downloads/",
            "license": [
                "LGPL-2.0+"
            ],
            "description": "Windwalker Loader package",
            "homepage": "https://github.com/ventoviro/windwalker-loader",
            "keywords": [
                "framework",
                "loader",
                "windwalker"
            ],
            "time": "2017-03-21T01:25:47+00:00"
        },
        {
            "name": "windwalker/renderer",
            "version": "3.1.6",
            "source": {
                "type": "git",
                "url": "https://github.com/ventoviro/windwalker-renderer.git",
                "reference": "c9a8bb9099d40db81cf2a95e8df317ea07fa3464"
            },
            "dist": {
                "type": "zip",
                "url": "https://api.github.com/repos/ventoviro/windwalker-renderer/zipball/c9a8bb9099d40db81cf2a95e8df317ea07fa3464",
                "reference": "c9a8bb9099d40db81cf2a95e8df317ea07fa3464",
                "shasum": ""
            },
            "require": {
                "php": ">=5.3.10",
                "windwalker/structure": "~3.0"
            },
            "require-dev": {
                "illuminate/view": "4.1.*",
                "league/plates": "3.*",
                "mustache/mustache": "2.*",
                "twig/twig": "1.*",
                "windwalker/dom": "~3.0",
                "windwalker/filesystem": "~3.0",
                "windwalker/test": "~3.0"
            },
            "suggest": {
                "illuminate/view": "Install 4.1.*(PHP 5.3) or 5.*(PHP 5.4) if you require Laravel Blade engine.",
                "league/plates": "Install 3.* if you require Plates template engine.",
                "mustache/mustache": "Install 2.* if you require Mustache engine.",
                "twig/twig": "Install 1.* if you require Twig engine."
            },
            "type": "windwalker-package",
            "extra": {
                "branch-alias": {
                    "dev-master": "3.x-dev"
                }
            },
            "autoload": {
                "psr-4": {
                    "Windwalker\\Renderer\\": ""
                }
            },
            "notification-url": "https://packagist.org/downloads/",
            "license": [
                "LGPL-2.0+"
            ],
            "description": "Windwalker Renderer package",
            "homepage": "https://github.com/ventoviro/windwalker-renderer",
            "keywords": [
                "framework",
                "renderer",
                "windwalker"
            ],
            "time": "2017-01-31T15:30:06+00:00"
        },
        {
            "name": "windwalker/structure",
            "version": "3.1.6",
            "source": {
                "type": "git",
                "url": "https://github.com/ventoviro/windwalker-structure.git",
                "reference": "8b1ca6ed21494a65318985f15725d9e03b37df41"
            },
            "dist": {
                "type": "zip",
                "url": "https://api.github.com/repos/ventoviro/windwalker-structure/zipball/8b1ca6ed21494a65318985f15725d9e03b37df41",
                "reference": "8b1ca6ed21494a65318985f15725d9e03b37df41",
                "shasum": ""
            },
            "require": {
                "php": ">=5.3.10"
            },
            "require-dev": {
                "symfony/yaml": "2.*",
                "windwalker/test": "~3.0"
            },
            "suggest": {
                "symfony/yaml": "Install 2.* if you require YAML support."
            },
            "type": "windwalker-package",
            "extra": {
                "branch-alias": {
                    "dev-master": "3.x-dev"
                }
            },
            "autoload": {
                "psr-4": {
                    "Windwalker\\Structure\\": ""
                }
            },
            "notification-url": "https://packagist.org/downloads/",
            "license": [
                "LGPL-2.0+"
            ],
            "description": "Windwalker Structure package",
            "homepage": "https://github.com/ventoviro/windwalker-structure",
            "keywords": [
                "framework",
                "structure",
                "windwalker"
            ],
            "time": "2017-03-21T01:25:47+00:00"
        },
        {
            "name": "windwalker/uri",
            "version": "3.1.6",
            "source": {
                "type": "git",
                "url": "https://github.com/ventoviro/windwalker-uri.git",
                "reference": "7088416d56b398afc7408a91e2ee0358fa1de38d"
            },
            "dist": {
                "type": "zip",
                "url": "https://api.github.com/repos/ventoviro/windwalker-uri/zipball/7088416d56b398afc7408a91e2ee0358fa1de38d",
                "reference": "7088416d56b398afc7408a91e2ee0358fa1de38d",
                "shasum": ""
            },
            "require": {
                "php": ">=5.3.10"
            },
            "require-dev": {
                "psr/http-message": "1.*",
                "windwalker/test": "~3.0"
            },
            "suggest": {
                "psr/http-message": "Install 1.* if you need PsrUri support."
            },
            "type": "windwalker-package",
            "extra": {
                "branch-alias": {
                    "dev-master": "3.x-dev"
                }
            },
            "autoload": {
                "psr-4": {
                    "Windwalker\\Uri\\": ""
                }
            },
            "notification-url": "https://packagist.org/downloads/",
            "license": [
                "LGPL-2.0+"
            ],
            "description": "Windwalker Uri package",
            "homepage": "https://github.com/ventoviro/windwalker-uri",
            "keywords": [
                "framework",
                "uri",
                "windwalker"
            ],
            "time": "2017-03-21T02:18:52+00:00"
        },
        {
            "name": "zendframework/zend-diactoros",
            "version": "1.4.0",
            "source": {
                "type": "git",
                "url": "https://github.com/zendframework/zend-diactoros.git",
                "reference": "b03f285a333f51e58c95cce54109a4a9ed691436"
            },
            "dist": {
                "type": "zip",
                "url": "https://api.github.com/repos/zendframework/zend-diactoros/zipball/b03f285a333f51e58c95cce54109a4a9ed691436",
                "reference": "b03f285a333f51e58c95cce54109a4a9ed691436",
                "shasum": ""
            },
            "require": {
                "php": "^5.4 || ^7.0",
                "psr/http-message": "~1.0"
            },
            "provide": {
                "psr/http-message-implementation": "1.0"
            },
            "require-dev": {
                "ext-dom": "*",
                "ext-libxml": "*",
                "phpunit/phpunit": "^4.6 || ^5.5",
                "zendframework/zend-coding-standard": "~1.0.0"
            },
            "type": "library",
            "extra": {
                "branch-alias": {
                    "dev-master": "1.4-dev",
                    "dev-develop": "1.5-dev"
                }
            },
            "autoload": {
                "psr-4": {
                    "Zend\\Diactoros\\": "src/"
                }
            },
            "notification-url": "https://packagist.org/downloads/",
            "license": [
                "BSD-2-Clause"
            ],
            "description": "PSR HTTP Message implementations",
            "homepage": "https://github.com/zendframework/zend-diactoros",
            "keywords": [
                "http",
                "psr",
                "psr-7"
            ],
            "time": "2017-04-06T16:18:34+00:00"
        }
    ],
    "packages-dev": [],
    "aliases": [],
    "minimum-stability": "stable",
    "stability-flags": [],
    "prefer-stable": false,
    "prefer-lowest": false,
    "platform": [],
    "platform-dev": []
}
